
Microsoft Visual Studio Solution File, Format Version 12.00
# Visual Studio Version 16
VisualStudioVersion = 16.0.31702.278
MinimumVisualStudioVersion = 10.0.40219.1
Project("{2150E333-8FDC-42A3-9474-1A3956D46DE8}") = "src", "src", "{FBFF895C-F5FF-4B06-8D15-84D64DFA548B}"
EndProject
Project("{9A19103F-16F7-4668-BE54-9A1E7A4F7556}") = "Aqovia.HttpClient.CacheProvider", "src\Aqovia.HttpClient.CacheProvider\Aqovia.HttpClient.CacheProvider.csproj", "{A33DA069-FC68-498C-A217-8149FC40FEDC}"
EndProject
Project("{FAE04EC0-301F-11D3-BF4B-00C04F79EFBC}") = "Aqovia.HttpClient.CacheProvider.Demo", "src\Aqovia.HttpClient.CacheProvider.Demo\Aqovia.HttpClient.CacheProvider.Demo.csproj", "{92E50B03-8833-4747-8441-FDA42F1D3F5F}"
EndProject
Global
	GlobalSection(SolutionConfigurationPlatforms) = preSolution
		Debug|Any CPU = Debug|Any CPU
		Release|Any CPU = Release|Any CPU
	EndGlobalSection
	GlobalSection(ProjectConfigurationPlatforms) = postSolution
		{A33DA069-FC68-498C-A217-8149FC40FEDC}.Debug|Any CPU.ActiveCfg = Debug|Any CPU
		{A33DA069-FC68-498C-A217-8149FC40FEDC}.Debug|Any CPU.Build.0 = Debug|Any CPU
		{A33DA069-FC68-498C-A217-8149FC40FEDC}.Release|Any CPU.ActiveCfg = Release|Any CPU
		{A33DA069-FC68-498C-A217-8149FC40FEDC}.Release|Any CPU.Build.0 = Release|Any CPU
		{92E50B03-8833-4747-8441-FDA42F1D3F5F}.Debug|Any CPU.ActiveCfg = Debug|Any CPU
		{92E50B03-8833-4747-8441-FDA42F1D3F5F}.Debug|Any CPU.Build.0 = Debug|Any CPU
		{92E50B03-8833-4747-8441-FDA42F1D3F5F}.Release|Any CPU.ActiveCfg = Release|Any CPU
		{92E50B03-8833-4747-8441-FDA42F1D3F5F}.Release|Any CPU.Build.0 = Release|Any CPU
	EndGlobalSection
	GlobalSection(SolutionProperties) = preSolution
		HideSolutionNode = FALSE
	EndGlobalSection
	GlobalSection(NestedProjects) = preSolution
		{A33DA069-FC68-498C-A217-8149FC40FEDC} = {FBFF895C-F5FF-4B06-8D15-84D64DFA548B}
		{92E50B03-8833-4747-8441-FDA42F1D3F5F} = {FBFF895C-F5FF-4B06-8D15-84D64DFA548B}
	EndGlobalSection
	GlobalSection(ExtensibilityGlobals) = postSolution
		SolutionGuid = {B50F57FF-E970-4589-9FEE-86727E0413E0}
	EndGlobalSection
EndGlobal
